<?xml version="1.0" encoding="utf-8"?>
<Project ToolsVersion="15.0" xmlns="http://schemas.microsoft.com/developer/msbuild/2003">
  <ItemGroup>
    <Filter Include="Source Files">
      <UniqueIdentifier>{1AC03D3E-90C9-3391-BCD0-0D4C892EDEBA}</UniqueIdentifier>
    </Filter>
  </ItemGroup>
  <ItemGroup>
    <ClCompile Include="..\src\yaml\api.c">
      <Filter>Source Files</Filter>
    </ClCompile>
    <ClCompile Include="..\src\yaml\dumper.c">
      <Filter>Source Files</Filter>
    </ClCompile>
    <ClCompile Include="..\src\yaml\emitter.c">
      <Filter>Source Files</Filter>
    </ClCompile>
    <ClCompile Include="..\src\yaml\loader.c">
      <Filter>Source Files</Filter>
    </ClCompile>
    <ClCompile Include="..\src\yaml\parser.c">
      <Filter>Source Files</Filter>
    </ClCompile>
    <ClCompile Include="..\src\yaml\reader.c">
      <Filter>Source Files</Filter>
    </ClCompile>
    <ClCompile Include="..\src\yaml\scanner.c">
      <Filter>Source Files</Filter>
    </ClCompile>
    <ClCompile Include="..\src\yaml\writer.c">
      <Filter>Source Files</Filter>
    </ClCompile>
  </ItemGroup>
  <ItemGroup>
    <ClInclude Include="..\src\yaml\yaml_private.h">
      <Filter>Source Files</Filter>
    </ClInclude>
    <ClInclude Include="..\src\yaml\config.h">
      <Filter>Source Files</Filter>
    </ClInclude>
    <ClInclude Include="..\src\yaml\yaml.h">
      <Filter>Source Files</Filter>
    </ClInclude>
  </ItemGroup>
</Project>